// !$*UTF8*$!
{
	archiveVersion = 1;
	classes = {
	};
	objectVersion = 56;
	objects = {

/* Begin PBXBuildFile section */
		2C115AA129504B80008B1FA6 /* QuoteDetailPresentation.swift in Sources */ = {isa = PBXBuildFile; fileRef = 2C115AA029504B80008B1FA6 /* QuoteDetailPresentation.swift */; };
		2C115AA329504B87008B1FA6 /* QuoteDetailVC.swift in Sources */ = {isa = PBXBuildFile; fileRef = 2C115AA229504B87008B1FA6 /* QuoteDetailVC.swift */; };
		2C115AA529504B8C008B1FA6 /* QuoteDetailVM.swift in Sources */ = {isa = PBXBuildFile; fileRef = 2C115AA429504B8C008B1FA6 /* QuoteDetailVM.swift */; };
		2C115AA729504B93008B1FA6 /* QuoteDetailContracts.swift in Sources */ = {isa = PBXBuildFile; fileRef = 2C115AA629504B93008B1FA6 /* QuoteDetailContracts.swift */; };
		2C115AAB295054F0008B1FA6 /* AuthorDetailVC.swift in Sources */ = {isa = PBXBuildFile; fileRef = 2C115AAA295054F0008B1FA6 /* AuthorDetailVC.swift */; };
		2C115AAD295054F7008B1FA6 /* AuthorDetailVM.swift in Sources */ = {isa = PBXBuildFile; fileRef = 2C115AAC295054F7008B1FA6 /* AuthorDetailVM.swift */; };
		2C115AAF295054FD008B1FA6 /* AuthorDetailContracts.swift in Sources */ = {isa = PBXBuildFile; fileRef = 2C115AAE295054FD008B1FA6 /* AuthorDetailContracts.swift */; };
		2C115AB129505C0B008B1FA6 /* UITableView+Ext.swift in Sources */ = {isa = PBXBuildFile; fileRef = 2C115AB029505C0B008B1FA6 /* UITableView+Ext.swift */; };
		2C3C1975294F9E0000444B22 /* AppDelegate.swift in Sources */ = {isa = PBXBuildFile; fileRef = 2C3C1974294F9E0000444B22 /* AppDelegate.swift */; };
		2C3C1977294F9E0000444B22 /* SceneDelegate.swift in Sources */ = {isa = PBXBuildFile; fileRef = 2C3C1976294F9E0000444B22 /* SceneDelegate.swift */; };
		2C3C197E294F9E0100444B22 /* Assets.xcassets in Resources */ = {isa = PBXBuildFile; fileRef = 2C3C197D294F9E0100444B22 /* Assets.xcassets */; };
		2C3C1981294F9E0100444B22 /* LaunchScreen.storyboard in Resources */ = {isa = PBXBuildFile; fileRef = 2C3C197F294F9E0100444B22 /* LaunchScreen.storyboard */; };
		2C3C1991294F9F2A00444B22 /* NetworkService.swift in Sources */ = {isa = PBXBuildFile; fileRef = 2C3C1990294F9F2A00444B22 /* NetworkService.swift */; };
		2C3C1994294F9F6C00444B22 /* Quotes.swift in Sources */ = {isa = PBXBuildFile; fileRef = 2C3C1993294F9F6C00444B22 /* Quotes.swift */; };
		2C3C1999294F9FC800444B22 /* QuoteListPresentation.swift in Sources */ = {isa = PBXBuildFile; fileRef = 2C3C1998294F9FC800444B22 /* QuoteListPresentation.swift */; };
		2C3C199B294F9FD700444B22 /* QuoteListVC.swift in Sources */ = {isa = PBXBuildFile; fileRef = 2C3C199A294F9FD700444B22 /* QuoteListVC.swift */; };
		2C3C199D294F9FEA00444B22 /* QuoteListVM.swift in Sources */ = {isa = PBXBuildFile; fileRef = 2C3C199C294F9FEA00444B22 /* QuoteListVM.swift */; };
		2C3C199F294F9FF400444B22 /* QuoteListContracts.swift in Sources */ = {isa = PBXBuildFile; fileRef = 2C3C199E294F9FF400444B22 /* QuoteListContracts.swift */; };
		2C3C19B0294FA34C00444B22 /* AppContainer.swift in Sources */ = {isa = PBXBuildFile; fileRef = 2C3C19AF294FA34C00444B22 /* AppContainer.swift */; };
		2C458295294FB86800DAC513 /* MainCoordinator.swift in Sources */ = {isa = PBXBuildFile; fileRef = 2C458294294FB86800DAC513 /* MainCoordinator.swift */; };
/* End PBXBuildFile section */

/* Begin PBXFileReference section */
		2C115AA029504B80008B1FA6 /* QuoteDetailPresentation.swift */ = {isa = PBXFileReference; lastKnownFileType = sourcecode.swift; path = QuoteDetailPresentation.swift; sourceTree = "<group>"; };
		2C115AA229504B87008B1FA6 /* QuoteDetailVC.swift */ = {isa = PBXFileReference; lastKnownFileType = sourcecode.swift; path = QuoteDetailVC.swift; sourceTree = "<group>"; };
		2C115AA429504B8C008B1FA6 /* QuoteDetailVM.swift */ = {isa = PBXFileReference; lastKnownFileType = sourcecode.swift; path = QuoteDetailVM.swift; sourceTree = "<group>"; };
		2C115AA629504B93008B1FA6 /* QuoteDetailContracts.swift */ = {isa = PBXFileReference; lastKnownFileType = sourcecode.swift; path = QuoteDetailContracts.swift; sourceTree = "<group>"; };
		2C115AAA295054F0008B1FA6 /* AuthorDetailVC.swift */ = {isa = PBXFileReference; lastKnownFileType = sourcecode.swift; path = AuthorDetailVC.swift; sourceTree = "<group>"; };
		2C115AAC295054F7008B1FA6 /* AuthorDetailVM.swift */ = {isa = PBXFileReference; lastKnownFileType = sourcecode.swift; path = AuthorDetailVM.swift; sourceTree = "<group>"; };
		2C115AAE295054FD008B1FA6 /* AuthorDetailContracts.swift */ = {isa = PBXFileReference; lastKnownFileType = sourcecode.swift; path = AuthorDetailContracts.swift; sourceTree = "<group>"; };
		2C115AB029505C0B008B1FA6 /* UITableView+Ext.swift */ = {isa = PBXFileReference; lastKnownFileType = sourcecode.swift; path = "UITableView+Ext.swift"; sourceTree = "<group>"; };
		2C3C1971294F9E0000444B22 /* MVVM-C.app */ = {isa = PBXFileReference; explicitFileType = wrapper.application; includeInIndex = 0; path = "MVVM-C.app"; sourceTree = BUILT_PRODUCTS_DIR; };
		2C3C1974294F9E0000444B22 /* AppDelegate.swift */ = {isa = PBXFileReference; lastKnownFileType = sourcecode.swift; path = AppDelegate.swift; sourceTree = "<group>"; };
		2C3C1976294F9E0000444B22 /* SceneDelegate.swift */ = {isa = PBXFileReference; lastKnownFileType = sourcecode.swift; path = SceneDelegate.swift; sourceTree = "<group>"; };
		2C3C197D294F9E0100444B22 /* Assets.xcassets */ = {isa = PBXFileReference; lastKnownFileType = folder.assetcatalog; path = Assets.xcassets; sourceTree = "<group>"; };
		2C3C1980294F9E0100444B22 /* Base */ = {isa = PBXFileReference; lastKnownFileType = file.storyboard; name = Base; path = Base.lproj/LaunchScreen.storyboard; sourceTree = "<group>"; };
		2C3C1982294F9E0100444B22 /* Info.plist */ = {isa = PBXFileReference; lastKnownFileType = text.plist.xml; path = Info.plist; sourceTree = "<group>"; };
		2C3C1990294F9F2A00444B22 /* NetworkService.swift */ = {isa = PBXFileReference; lastKnownFileType = sourcecode.swift; path = NetworkService.swift; sourceTree = "<group>"; };
		2C3C1993294F9F6C00444B22 /* Quotes.swift */ = {isa = PBXFileReference; lastKnownFileType = sourcecode.swift; path = Quotes.swift; sourceTree = "<group>"; };
		2C3C1998294F9FC800444B22 /* QuoteListPresentation.swift */ = {isa = PBXFileReference; lastKnownFileType = sourcecode.swift; path = QuoteListPresentation.swift; sourceTree = "<group>"; };
		2C3C199A294F9FD700444B22 /* QuoteListVC.swift */ = {isa = PBXFileReference; lastKnownFileType = sourcecode.swift; path = QuoteListVC.swift; sourceTree = "<group>"; };
		2C3C199C294F9FEA00444B22 /* QuoteListVM.swift */ = {isa = PBXFileReference; lastKnownFileType = sourcecode.swift; path = QuoteListVM.swift; sourceTree = "<group>"; };
		2C3C199E294F9FF400444B22 /* QuoteListContracts.swift */ = {isa = PBXFileReference; lastKnownFileType = sourcecode.swift; path = QuoteListContracts.swift; sourceTree = "<group>"; };
		2C3C19AF294FA34C00444B22 /* AppContainer.swift */ = {isa = PBXFileReference; lastKnownFileType = sourcecode.swift; path = AppContainer.swift; sourceTree = "<group>"; };
		2C458294294FB86800DAC513 /* MainCoordinator.swift */ = {isa = PBXFileReference; lastKnownFileType = sourcecode.swift; path = MainCoordinator.swift; sourceTree = "<group>"; };
/* End PBXFileReference section */

/* Begin PBXFrameworksBuildPhase section */
		2C3C196E294F9E0000444B22 /* Frameworks */ = {
			isa = PBXFrameworksBuildPhase;
			buildActionMask = 2147483647;
			files = (
			);
			runOnlyForDeploymentPostprocessing = 0;
		};
/* End PBXFrameworksBuildPhase section */

/* Begin PBXGroup section */
		2C115AA9295054DA008B1FA6 /* Author Detail */ = {
			isa = PBXGroup;
			children = (
				2C115AAA295054F0008B1FA6 /* AuthorDetailVC.swift */,
				2C115AAC295054F7008B1FA6 /* AuthorDetailVM.swift */,
				2C115AAE295054FD008B1FA6 /* AuthorDetailContracts.swift */,
			);
			path = "Author Detail";
			sourceTree = "<group>";
		};
		2C3C1968294F9E0000444B22 = {
			isa = PBXGroup;
			children = (
				2C3C1973294F9E0000444B22 /* MVVM-C */,
				2C3C1972294F9E0000444B22 /* Products */,
			);
			sourceTree = "<group>";
		};
		2C3C1972294F9E0000444B22 /* Products */ = {
			isa = PBXGroup;
			children = (
				2C3C1971294F9E0000444B22 /* MVVM-C.app */,
			);
			name = Products;
			sourceTree = "<group>";
		};
		2C3C1973294F9E0000444B22 /* MVVM-C */ = {
			isa = PBXGroup;
			children = (
				2C458293294FB85A00DAC513 /* Coordinator */,
				2C3C19AD294FA34200444B22 /* App */,
				2C3C198B294F9EEE00444B22 /* Extensions */,
				2C3C198A294F9EEA00444B22 /* Helper */,
				2C3C1989294F9ED500444B22 /* Service */,
				2C3C198D294F9EFE00444B22 /* Model */,
				2C3C198C294F9EF400444B22 /* Screens */,
				2C3C1988294F9EAF00444B22 /* Core */,
				2C3C1982294F9E0100444B22 /* Info.plist */,
			);
			path = "MVVM-C";
			sourceTree = "<group>";
		};
		2C3C1988294F9EAF00444B22 /* Core */ = {
			isa = PBXGroup;
			children = (
				2C3C1974294F9E0000444B22 /* AppDelegate.swift */,
				2C3C1976294F9E0000444B22 /* SceneDelegate.swift */,
				2C3C197D294F9E0100444B22 /* Assets.xcassets */,
				2C3C197F294F9E0100444B22 /* LaunchScreen.storyboard */,
			);
			path = Core;
			sourceTree = "<group>";
		};
		2C3C1989294F9ED500444B22 /* Service */ = {
			isa = PBXGroup;
			children = (
				2C3C1990294F9F2A00444B22 /* NetworkService.swift */,
			);
			path = Service;
			sourceTree = "<group>";
		};
		2C3C198A294F9EEA00444B22 /* Helper */ = {
			isa = PBXGroup;
			children = (
			);
			path = Helper;
			sourceTree = "<group>";
		};
		2C3C198B294F9EEE00444B22 /* Extensions */ = {
			isa = PBXGroup;
			children = (
				2C115AB029505C0B008B1FA6 /* UITableView+Ext.swift */,
			);
			path = Extensions;
			sourceTree = "<group>";
		};
		2C3C198C294F9EF400444B22 /* Screens */ = {
			isa = PBXGroup;
			children = (
				2C3C198E294F9F0B00444B22 /* Quote List */,
				2C3C198F294F9F1800444B22 /* Quote Detail */,
				2C115AA9295054DA008B1FA6 /* Author Detail */,
			);
			path = Screens;
			sourceTree = "<group>";
		};
		2C3C198D294F9EFE00444B22 /* Model */ = {
			isa = PBXGroup;
			children = (
				2C3C1993294F9F6C00444B22 /* Quotes.swift */,
			);
			path = Model;
			sourceTree = "<group>";
		};
		2C3C198E294F9F0B00444B22 /* Quote List */ = {
			isa = PBXGroup;
			children = (
				2C3C1998294F9FC800444B22 /* QuoteListPresentation.swift */,
				2C3C199A294F9FD700444B22 /* QuoteListVC.swift */,
				2C3C199C294F9FEA00444B22 /* QuoteListVM.swift */,
				2C3C199E294F9FF400444B22 /* QuoteListContracts.swift */,
			);
			path = "Quote List";
			sourceTree = "<group>";
		};
		2C3C198F294F9F1800444B22 /* Quote Detail */ = {
			isa = PBXGroup;
			children = (
				2C115AA029504B80008B1FA6 /* QuoteDetailPresentation.swift */,
				2C115AA229504B87008B1FA6 /* QuoteDetailVC.swift */,
				2C115AA429504B8C008B1FA6 /* QuoteDetailVM.swift */,
				2C115AA629504B93008B1FA6 /* QuoteDetailContracts.swift */,
			);
			path = "Quote Detail";
			sourceTree = "<group>";
		};
		2C3C19AD294FA34200444B22 /* App */ = {
			isa = PBXGroup;
			children = (
				2C3C19AF294FA34C00444B22 /* AppContainer.swift */,
			);
			path = App;
			sourceTree = "<group>";
		};
		2C458293294FB85A00DAC513 /* Coordinator */ = {
			isa = PBXGroup;
			children = (
				2C458294294FB86800DAC513 /* MainCoordinator.swift */,
			);
			path = Coordinator;
			sourceTree = "<group>";
		};
/* End PBXGroup section */

/* Begin PBXNativeTarget section */
		2C3C1970294F9E0000444B22 /* MVVM-C */ = {
			isa = PBXNativeTarget;
			buildConfigurationList = 2C3C1985294F9E0100444B22 /* Build configuration list for PBXNativeTarget "MVVM-C" */;
			buildPhases = (
				2C3C196D294F9E0000444B22 /* Sources */,
				2C3C196E294F9E0000444B22 /* Frameworks */,
				2C3C196F294F9E0000444B22 /* Resources */,
			);
			buildRules = (
			);
			dependencies = (
			);
			name = "MVVM-C";
			productName = "MVVM-C";
			productReference = 2C3C1971294F9E0000444B22 /* MVVM-C.app */;
			productType = "com.apple.product-type.application";
		};
/* End PBXNativeTarget section */

/* Begin PBXProject section */
		2C3C1969294F9E0000444B22 /* Project object */ = {
			isa = PBXProject;
			attributes = {
				BuildIndependentTargetsInParallel = 1;
				LastSwiftUpdateCheck = 1420;
				LastUpgradeCheck = 1420;
				TargetAttributes = {
					2C3C1970294F9E0000444B22 = {
						CreatedOnToolsVersion = 14.2;
					};
				};
			};
			buildConfigurationList = 2C3C196C294F9E0000444B22 /* Build configuration list for PBXProject "MVVM-C" */;
			compatibilityVersion = "Xcode 14.0";
			developmentRegion = en;
			hasScannedForEncodings = 0;
			knownRegions = (
				en,
				Base,
			);
			mainGroup = 2C3C1968294F9E0000444B22;
			productRefGroup = 2C3C1972294F9E0000444B22 /* Products */;
			projectDirPath = "";
			projectRoot = "";
			targets = (
				2C3C1970294F9E0000444B22 /* MVVM-C */,
			);
		};
/* End PBXProject section */

/* Begin PBXResourcesBuildPhase section */
		2C3C196F294F9E0000444B22 /* Resources */ = {
			isa = PBXResourcesBuildPhase;
			buildActionMask = 2147483647;
			files = (
				2C3C1981294F9E0100444B22 /* LaunchScreen.storyboard in Resources */,
				2C3C197E294F9E0100444B22 /* Assets.xcassets in Resources */,
			);
			runOnlyForDeploymentPostprocessing = 0;
		};
/* End PBXResourcesBuildPhase section */

/* Begin PBXSourcesBuildPhase section */
		2C3C196D294F9E0000444B22 /* Sources */ = {
			isa = PBXSourcesBuildPhase;
			buildActionMask = 2147483647;
			files = (
				2C3C1994294F9F6C00444B22 /* Quotes.swift in Sources */,
				2C3C199D294F9FEA00444B22 /* QuoteListVM.swift in Sources */,
				2C115AA129504B80008B1FA6 /* QuoteDetailPresentation.swift in Sources */,
				2C115AB129505C0B008B1FA6 /* UITableView+Ext.swift in Sources */,
				2C3C199B294F9FD700444B22 /* QuoteListVC.swift in Sources */,
				2C3C199F294F9FF400444B22 /* QuoteListContracts.swift in Sources */,
				2C3C1975294F9E0000444B22 /* AppDelegate.swift in Sources */,
				2C115AAB295054F0008B1FA6 /* AuthorDetailVC.swift in Sources */,
				2C115AA329504B87008B1FA6 /* QuoteDetailVC.swift in Sources */,
				2C115AAF295054FD008B1FA6 /* AuthorDetailContracts.swift in Sources */,
				2C115AAD295054F7008B1FA6 /* AuthorDetailVM.swift in Sources */,
				2C115AA729504B93008B1FA6 /* QuoteDetailContracts.swift in Sources */,
				2C458295294FB86800DAC513 /* MainCoordinator.swift in Sources */,
				2C115AA529504B8C008B1FA6 /* QuoteDetailVM.swift in Sources */,
				2C3C1991294F9F2A00444B22 /* NetworkService.swift in Sources */,
				2C3C19B0294FA34C00444B22 /* AppContainer.swift in Sources */,
				2C3C1999294F9FC800444B22 /* QuoteListPresentation.swift in Sources */,
				2C3C1977294F9E0000444B22 /* SceneDelegate.swift in Sources */,
			);
			runOnlyForDeploymentPostprocessing = 0;
		};
/* End PBXSourcesBuildPhase section */

/* Begin PBXVariantGroup section */
		2C3C197F294F9E0100444B22 /* LaunchScreen.storyboard */ = {
			isa = PBXVariantGroup;
			children = (
				2C3C1980294F9E0100444B22 /* Base */,
			);
			name = LaunchScreen.storyboard;
			sourceTree = "<group>";
		};
/* End PBXVariantGroup section */

/* Begin XCBuildConfiguration section */
		2C3C1983294F9E0100444B22 /* Debug */ = {
			isa = XCBuildConfiguration;
			buildSettings = {
				ALWAYS_SEARCH_USER_PATHS = NO;
				CLANG_ANALYZER_NONNULL = YES;
				CLANG_ANALYZER_NUMBER_OBJECT_CONVERSION = YES_AGGRESSIVE;
				CLANG_CXX_LANGUAGE_STANDARD = "gnu++20";
				CLANG_ENABLE_MODULES = YES;
				CLANG_ENABLE_OBJC_ARC = YES;
				CLANG_ENABLE_OBJC_WEAK = YES;
				CLANG_WARN_BLOCK_CAPTURE_AUTORELEASING = YES;
				CLANG_WARN_BOOL_CONVERSION = YES;
				CLANG_WARN_COMMA = YES;
				CLANG_WARN_CONSTANT_CONVERSION = YES;
				CLANG_WARN_DEPRECATED_OBJC_IMPLEMENTATIONS = YES;
				CLANG_WARN_DIRECT_OBJC_ISA_USAGE = YES_ERROR;
				CLANG_WARN_DOCUMENTATION_COMMENTS = YES;
				CLANG_WARN_EMPTY_BODY = YES;
				CLANG_WARN_ENUM_CONVERSION = YES;
				CLANG_WARN_INFINITE_RECURSION = YES;
				CLANG_WARN_INT_CONVERSION = YES;
				CLANG_WARN_NON_LITERAL_NULL_CONVERSION = YES;
				CLANG_WARN_OBJC_IMPLICIT_RETAIN_SELF = YES;
				CLANG_WARN_OBJC_LITERAL_CONVERSION = YES;
				CLANG_WARN_OBJC_ROOT_CLASS = YES_ERROR;
				CLANG_WARN_QUOTED_INCLUDE_IN_FRAMEWORK_HEADER = YES;
				CLANG_WARN_RANGE_LOOP_ANALYSIS = YES;
				CLANG_WARN_STRICT_PROTOTYPES = YES;
				CLANG_WARN_SUSPICIOUS_MOVE = YES;
				CLANG_WARN_UNGUARDED_AVAILABILITY = YES_AGGRESSIVE;
				CLANG_WARN_UNREACHABLE_CODE = YES;
				CLANG_WARN__DUPLICATE_METHOD_MATCH = YES;
				COPY_PHASE_STRIP = NO;
				DEBUG_INFORMATION_FORMAT = dwarf;
				ENABLE_STRICT_OBJC_MSGSEND = YES;
				ENABLE_TESTABILITY = YES;
				GCC_C_LANGUAGE_STANDARD = gnu11;
				GCC_DYNAMIC_NO_PIC = NO;
				GCC_NO_COMMON_BLOCKS = YES;
				GCC_OPTIMIZATION_LEVEL = 0;
				GCC_PREPROCESSOR_DEFINITIONS = (
					"DEBUG=1",
					"$(inherited)",
				);
				GCC_WARN_64_TO_32_BIT_CONVERSION = YES;
				GCC_WARN_ABOUT_RETURN_TYPE = YES_ERROR;
				GCC_WARN_UNDECLARED_SELECTOR = YES;
				GCC_WARN_UNINITIALIZED_AUTOS = YES_AGGRESSIVE;
				GCC_WARN_UNUSED_FUNCTION = YES;
				GCC_WARN_UNUSED_VARIABLE = YES;
				IPHONEOS_DEPLOYMENT_TARGET = 16.2;
				MTL_ENABLE_DEBUG_INFO = INCLUDE_SOURCE;
				MTL_FAST_MATH = YES;
				ONLY_ACTIVE_ARCH = YES;
				SDKROOT = iphoneos;
				SWIFT_ACTIVE_COMPILATION_CONDITIONS = DEBUG;
				SWIFT_OPTIMIZATION_LEVEL = "-Onone";
			};
			name = Debug;
		};
		2C3C1984294F9E0100444B22 /* Release */ = {
			isa = XCBuildConfiguration;
			buildSettings = {
				ALWAYS_SEARCH_USER_PATHS = NO;
				CLANG_ANALYZER_NONNULL = YES;
				CLANG_ANALYZER_NUMBER_OBJECT_CONVERSION = YES_AGGRESSIVE;
				CLANG_CXX_LANGUAGE_STANDARD = "gnu++20";
				CLANG_ENABLE_MODULES = YES;
				CLANG_ENABLE_OBJC_ARC = YES;
				CLANG_ENABLE_OBJC_WEAK = YES;
				CLANG_WARN_BLOCK_CAPTURE_AUTORELEASING = YES;
				CLANG_WARN_BOOL_CONVERSION = YES;
				CLANG_WARN_COMMA = YES;
				CLANG_WARN_CONSTANT_CONVERSION = YES;
				CLANG_WARN_DEPRECATED_OBJC_IMPLEMENTATIONS = YES;
				CLANG_WARN_DIRECT_OBJC_ISA_USAGE = YES_ERROR;
				CLANG_WARN_DOCUMENTATION_COMMENTS = YES;
				CLANG_WARN_EMPTY_BODY = YES;
				CLANG_WARN_ENUM_CONVERSION = YES;
				CLANG_WARN_INFINITE_RECURSION = YES;
				CLANG_WARN_INT_CONVERSION = YES;
				CLANG_WARN_NON_LITERAL_NULL_CONVERSION = YES;
				CLANG_WARN_OBJC_IMPLICIT_RETAIN_SELF = YES;
				CLANG_WARN_OBJC_LITERAL_CONVERSION = YES;
				CLANG_WARN_OBJC_ROOT_CLASS = YES_ERROR;
				CLANG_WARN_QUOTED_INCLUDE_IN_FRAMEWORK_HEADER = YES;
				CLANG_WARN_RANGE_LOOP_ANALYSIS = YES;
				CLANG_WARN_STRICT_PROTOTYPES = YES;
				CLANG_WARN_SUSPICIOUS_MOVE = YES;
				CLANG_WARN_UNGUARDED_AVAILABILITY = YES_AGGRESSIVE;
				CLANG_WARN_UNREACHABLE_CODE = YES;
				CLANG_WARN__DUPLICATE_METHOD_MATCH = YES;
				COPY_PHASE_STRIP = NO;
				DEBUG_INFORMATION_FORMAT = "dwarf-with-dsym";
				ENABLE_NS_ASSERTIONS = NO;
				ENABLE_STRICT_OBJC_MSGSEND = YES;
				GCC_C_LANGUAGE_STANDARD = gnu11;
				GCC_NO_COMMON_BLOCKS = YES;
				GCC_WARN_64_TO_32_BIT_CONVERSION = YES;
				GCC_WARN_ABOUT_RETURN_TYPE = YES_ERROR;
				GCC_WARN_UNDECLARED_SELECTOR = YES;
				GCC_WARN_UNINITIALIZED_AUTOS = YES_AGGRESSIVE;
				GCC_WARN_UNUSED_FUNCTION = YES;
				GCC_WARN_UNUSED_VARIABLE = YES;
				IPHONEOS_DEPLOYMENT_TARGET = 16.2;
				MTL_ENABLE_DEBUG_INFO = NO;
				MTL_FAST_MATH = YES;
				SDKROOT = iphoneos;
				SWIFT_COMPILATION_MODE = wholemodule;
				SWIFT_OPTIMIZATION_LEVEL = "-O";
				VALIDATE_PRODUCT = YES;
			};
			name = Release;
		};
		2C3C1986294F9E0100444B22 /* Debug */ = {
			isa = XCBuildConfiguration;
			buildSettings = {
				ASSETCATALOG_COMPILER_APPICON_NAME = AppIcon;
				ASSETCATALOG_COMPILER_GLOBAL_ACCENT_COLOR_NAME = AccentColor;
				CODE_SIGN_STYLE = Automatic;
				CURRENT_PROJECT_VERSION = 1;
				DEVELOPMENT_TEAM = 49Z33V7QZW;
				GENERATE_INFOPLIST_FILE = YES;
				INFOPLIST_FILE = "MVVM-C/Info.plist";
				INFOPLIST_KEY_UIApplicationSupportsIndirectInputEvents = YES;
				INFOPLIST_KEY_UILaunchStoryboardName = LaunchScreen;
				INFOPLIST_KEY_UIMainStoryboardFile = "";
				INFOPLIST_KEY_UISupportedInterfaceOrientations_iPad = "UIInterfaceOrientationPortrait UIInterfaceOrientationPortraitUpsideDown UIInterfaceOrientationLandscapeLeft UIInterfaceOrientationLandscapeRight";
				INFOPLIST_KEY_UISupportedInterfaceOrientations_iPhone = "UIInterfaceOrientationPortrait UIInterfaceOrientationLandscapeLeft UIInterfaceOrientationLandscapeRight";
				LD_RUNPATH_SEARCH_PATHS = (
					"$(inherited)",
					"@executable_path/Frameworks",
				);
				MARKETING_VERSION = 1.0;
				PRODUCT_BUNDLE_IDENTIFIER = "com.sameddagli.MVVM-C";
				PRODUCT_NAME = "$(TARGET_NAME)";
				SWIFT_EMIT_LOC_STRINGS = YES;
				SWIFT_VERSION = 5.0;
				TARGETED_DEVICE_FAMILY = "1,2";
			};
			name = Debug;
		};
		2C3C1987294F9E0100444B22 /* Release */ = {
			isa = XCBuildConfiguration;
			buildSettings = {
				ASSETCATALOG_COMPILER_APPICON_NAME = AppIcon;
				ASSETCATALOG_COMPILER_GLOBAL_ACCENT_COLOR_NAME = AccentColor;
				CODE_SIGN_STYLE = Automatic;
				CURRENT_PROJECT_VERSION = 1;
				DEVELOPMENT_TEAM = 49Z33V7QZW;
				GENERATE_INFOPLIST_FILE = YES;
				INFOPLIST_FILE = "MVVM-C/Info.plist";
				INFOPLIST_KEY_UIApplicationSupportsIndirectInputEvents = YES;
				INFOPLIST_KEY_UILaunchStoryboardName = LaunchScreen;
				INFOPLIST_KEY_UIMainStoryboardFile = "";
				INFOPLIST_KEY_UISupportedInterfaceOrientations_iPad = "UIInterfaceOrientationPortrait UIInterfaceOrientationPortraitUpsideDown UIInterfaceOrientationLandscapeLeft UIInterfaceOrientationLandscapeRight";
				INFOPLIST_KEY_UISupportedInterfaceOrientations_iPhone = "UIInterfaceOrientationPortrait UIInterfaceOrientationLandscapeLeft UIInterfaceOrientationLandscapeRight";
				LD_RUNPATH_SEARCH_PATHS = (
					"$(inherited)",
					"@executable_path/Frameworks",
				);
				MARKETING_VERSION = 1.0;
				PRODUCT_BUNDLE_IDENTIFIER = "com.sameddagli.MVVM-C";
				PRODUCT_NAME = "$(TARGET_NAME)";
				SWIFT_EMIT_LOC_STRINGS = YES;
				SWIFT_VERSION = 5.0;
				TARGETED_DEVICE_FAMILY = "1,2";
			};
			name = Release;
		};
/* End XCBuildConfiguration section */

/* Begin XCConfigurationList section */
		2C3C196C294F9E0000444B22 /* Build configuration list for PBXProject "MVVM-C" */ = {
			isa = XCConfigurationList;
			buildConfigurations = (
				2C3C1983294F9E0100444B22 /* Debug */,
				2C3C1984294F9E0100444B22 /* Release */,
			);
			defaultConfigurationIsVisible = 0;
			defaultConfigurationName = Release;
		};
		2C3C1985294F9E0100444B22 /* Build configuration list for PBXNativeTarget "MVVM-C" */ = {
			isa = XCConfigurationList;
			buildConfigurations = (
				2C3C1986294F9E0100444B22 /* Debug */,
				2C3C1987294F9E0100444B22 /* Release */,
			);
			defaultConfigurationIsVisible = 0;
			defaultConfigurationName = Release;
		};
/* End XCConfigurationList section */
	};
	rootObject = 2C3C1969294F9E0000444B22 /* Project object */;
}
